
Microsoft Visual Studio Solution File, Format Version 12.00
# Visual Studio Version 16
VisualStudioVersion = 16.0.32510.428
MinimumVisualStudioVersion = 10.0.40219.1
Project("{FAE04EC0-301F-11D3-BF4B-00C04F79EFBC}") = "FastMiner", "FastMiner\FastMiner.csproj", "{7ABCA55F-E594-4405-8C9E-1BAB2B3B7DBF}"
EndProject
Global
	GlobalSection(SolutionConfigurationPlatforms) = preSolution
		Debug|Any CPU = Debug|Any CPU
		Release|Any CPU = Release|Any CPU
	EndGlobalSection
	GlobalSection(ProjectConfigurationPlatforms) = postSolution
		{7ABCA55F-E594-4405-8C9E-1BAB2B3B7DBF}.Debug|Any CPU.ActiveCfg = Debug|Any CPU
		{7ABCA55F-E594-4405-8C9E-1BAB2B3B7DBF}.Debug|Any CPU.Build.0 = Debug|Any CPU
		{7ABCA55F-E594-4405-8C9E-1BAB2B3B7DBF}.Release|Any CPU.ActiveCfg = Release|Any CPU
		{7ABCA55F-E594-4405-8C9E-1BAB2B3B7DBF}.Release|Any CPU.Build.0 = Release|Any CPU
	EndGlobalSection
	GlobalSection(SolutionProperties) = preSolution
		HideSolutionNode = FALSE
	EndGlobalSection
	GlobalSection(ExtensibilityGlobals) = postSolution
		SolutionGuid = {7B339DAF-EA59-4F3C-87AC-B0D07752D468}
	EndGlobalSection
EndGlobal
